
Microsoft Visual Studio Solution File, Format Version 12.00
# Visual Studio 14
VisualStudioVersion = 14.0.23107.0
MinimumVisualStudioVersion = 10.0.40219.1
Project("{FAE04EC0-301F-11D3-BF4B-00C04F79EFBC}") = "DocsManagement", "DocsManagement\DocsManagement.csproj", "{FAD5B942-BFE1-4711-A0BD-9569BEB9BA44}"
EndProject
Project("{FAE04EC0-301F-11D3-BF4B-00C04F79EFBC}") = "DocsManagement.Tests", "DocsManagement.Tests\DocsManagement.Tests.csproj", "{1ADE8056-ACB9-40C5-B91B-82CFA470FC4B}"
EndProject
Global
	GlobalSection(SolutionConfigurationPlatforms) = preSolution
		Debug|Any CPU = Debug|Any CPU
		Release|Any CPU = Release|Any CPU
	EndGlobalSection
	GlobalSection(ProjectConfigurationPlatforms) = postSolution
		{FAD5B942-BFE1-4711-A0BD-9569BEB9BA44}.Debug|Any CPU.ActiveCfg = Debug|Any CPU
		{FAD5B942-BFE1-4711-A0BD-9569BEB9BA44}.Debug|Any CPU.Build.0 = Debug|Any CPU
		{FAD5B942-BFE1-4711-A0BD-9569BEB9BA44}.Release|Any CPU.ActiveCfg = Release|Any CPU
		{FAD5B942-BFE1-4711-A0BD-9569BEB9BA44}.Release|Any CPU.Build.0 = Release|Any CPU
		{1ADE8056-ACB9-40C5-B91B-82CFA470FC4B}.Debug|Any CPU.ActiveCfg = Debug|Any CPU
		{1ADE8056-ACB9-40C5-B91B-82CFA470FC4B}.Debug|Any CPU.Build.0 = Debug|Any CPU
		{1ADE8056-ACB9-40C5-B91B-82CFA470FC4B}.Release|Any CPU.ActiveCfg = Release|Any CPU
		{1ADE8056-ACB9-40C5-B91B-82CFA470FC4B}.Release|Any CPU.Build.0 = Release|Any CPU
	EndGlobalSection
	GlobalSection(SolutionProperties) = preSolution
		HideSolutionNode = FALSE
	EndGlobalSection
EndGlobal
